// !$*UTF8*$!
{
	archiveVersion = 1;
	classes = {
	};
	objectVersion = 46;
	objects = {

/* Begin PBXBuildFile section */
		1D3623260D0F684500981E51 /* coloursAppDelegate.m in Sources */ = {isa = PBXBuildFile; fileRef = 1D3623250D0F684500981E51 /* coloursAppDelegate.m */; };
		1D60589B0D05DD56006BFB54 /* main.m in Sources */ = {isa = PBXBuildFile; fileRef = 29B97316FDCFA39411CA2CEA /* main.m */; };
		1D60589F0D05DD5A006BFB54 /* Foundation.framework in Frameworks */ = {isa = PBXBuildFile; fileRef = 1D30AB110D05D00D00671497 /* Foundation.framework */; };
		1DF5F4E00D08C38300B7A737 /* UIKit.framework in Frameworks */ = {isa = PBXBuildFile; fileRef = 1DF5F4DF0D08C38300B7A737 /* UIKit.framework */; };
		2892E4100DC94CBA00A64D0F /* CoreGraphics.framework in Frameworks */ = {isa = PBXBuildFile; fileRef = 2892E40F0DC94CBA00A64D0F /* CoreGraphics.framework */; };
		28AD73600D9D9599002E5188 /* MainWindow.xib in Resources */ = {isa = PBXBuildFile; fileRef = 28AD735F0D9D9599002E5188 /* MainWindow.xib */; };
		28C286E10D94DF7D0034E888 /* RootViewController.m in Sources */ = {isa = PBXBuildFile; fileRef = 28C286E00D94DF7D0034E888 /* RootViewController.m */; };
		28F335F11007B36200424DE2 /* RootViewController.xib in Resources */ = {isa = PBXBuildFile; fileRef = 28F335F01007B36200424DE2 /* RootViewController.xib */; };
		B21AE66815668B23004039DF /* crosshair.png in Resources */ = {isa = PBXBuildFile; fileRef = B21AE66715668B23004039DF /* crosshair.png */; };
		B21AE66A15668B8C004039DF /* bar_select.png in Resources */ = {isa = PBXBuildFile; fileRef = B21AE66915668B8C004039DF /* bar_select.png */; };
		B240B0D31599DA2000CA9CF1 /* horizontal.png in Resources */ = {isa = PBXBuildFile; fileRef = B240B0D01599DA2000CA9CF1 /* horizontal.png */; };
		B240B0D41599DA2000CA9CF1 /* mosaic.png in Resources */ = {isa = PBXBuildFile; fileRef = B240B0D11599DA2000CA9CF1 /* mosaic.png */; };
		B240B0D51599DA2000CA9CF1 /* vertical.png in Resources */ = {isa = PBXBuildFile; fileRef = B240B0D21599DA2000CA9CF1 /* vertical.png */; };
		B24AE3651601E42B007EF0BC /* icon.png in Resources */ = {isa = PBXBuildFile; fileRef = B24AE3641601E42B007EF0BC /* icon.png */; };
		B24AE36816021454007EF0BC /* cadenasf.png in Resources */ = {isa = PBXBuildFile; fileRef = B24AE36616021454007EF0BC /* cadenasf.png */; };
		B24AE36916021454007EF0BC /* cadenaso.png in Resources */ = {isa = PBXBuildFile; fileRef = B24AE36716021454007EF0BC /* cadenaso.png */; };
		B24AE36D160223DB007EF0BC /* vertical30.png in Resources */ = {isa = PBXBuildFile; fileRef = B24AE36A160223DB007EF0BC /* vertical30.png */; };
		B24AE36E160223DB007EF0BC /* mosaic30.png in Resources */ = {isa = PBXBuildFile; fileRef = B24AE36B160223DB007EF0BC /* mosaic30.png */; };
		B24AE36F160223DB007EF0BC /* horizontal30.png in Resources */ = {isa = PBXBuildFile; fileRef = B24AE36C160223DB007EF0BC /* horizontal30.png */; };
		B24AE37116022684007EF0BC /* Default.png in Resources */ = {isa = PBXBuildFile; fileRef = B24AE37016022684007EF0BC /* Default.png */; };
		B254A8B615B43E6300DF08D3 /* PaletteView.m in Sources */ = {isa = PBXBuildFile; fileRef = B254A8B515B43E6300DF08D3 /* PaletteView.m */; };
		B254A8B915B57E6200DF08D3 /* SavedViewController.m in Sources */ = {isa = PBXBuildFile; fileRef = B254A8B815B57E6200DF08D3 /* SavedViewController.m */; };
		B254A8BE15B6C6EE00DF08D3 /* Settings.bundle in Resources */ = {isa = PBXBuildFile; fileRef = B254A8BD15B6C6EE00DF08D3 /* Settings.bundle */; };
		B262184C1547E4C80078D4C5 /* WallpaperViewController.m in Sources */ = {isa = PBXBuildFile; fileRef = B262184A1547E4C80078D4C5 /* WallpaperViewController.m */; };
		B262184D1547E4C80078D4C5 /* WallpaperViewController.xib in Resources */ = {isa = PBXBuildFile; fileRef = B262184B1547E4C80078D4C5 /* WallpaperViewController.xib */; };
		B26218671547E8330078D4C5 /* Utils.m in Sources */ = {isa = PBXBuildFile; fileRef = B26218661547E8330078D4C5 /* Utils.m */; };
		B26C9E5A15641A5000FFC28B /* colormap.png in Resources */ = {isa = PBXBuildFile; fileRef = B26C9E5515641A5000FFC28B /* colormap.png */; };
		B26C9E5C15641A5000FFC28B /* Defaultold.png in Resources */ = {isa = PBXBuildFile; fileRef = B26C9E5715641A5000FFC28B /* Defaultold.png */; };
		B26C9E5D15641A5000FFC28B /* Iconold.png in Resources */ = {isa = PBXBuildFile; fileRef = B26C9E5815641A5000FFC28B /* Iconold.png */; };
		B26C9E661564257C00FFC28B /* ColorPickerViewController.xib in Resources */ = {isa = PBXBuildFile; fileRef = B26C9E651564257B00FFC28B /* ColorPickerViewController.xib */; };
		B26FDACE15B4327800079C17 /* palettes.xml in Resources */ = {isa = PBXBuildFile; fileRef = B26FDACD15B4327800079C17 /* palettes.xml */; };
		B27965CB15B6E13D001F203E /* IASKAppSettingsViewController.m in Sources */ = {isa = PBXBuildFile; fileRef = B27965AD15B6E13D001F203E /* IASKAppSettingsViewController.m */; };
		B27965CC15B6E13D001F203E /* IASKAppSettingsWebViewController.m in Sources */ = {isa = PBXBuildFile; fileRef = B27965AF15B6E13D001F203E /* IASKAppSettingsWebViewController.m */; };
		B27965CD15B6E13D001F203E /* IASKSpecifierValuesViewController.m in Sources */ = {isa = PBXBuildFile; fileRef = B27965B115B6E13D001F203E /* IASKSpecifierValuesViewController.m */; };
		B27965CE15B6E13D001F203E /* IASKSettingsReader.m in Sources */ = {isa = PBXBuildFile; fileRef = B27965B515B6E13D001F203E /* IASKSettingsReader.m */; };
		B27965CF15B6E13D001F203E /* IASKSettingsStore.m in Sources */ = {isa = PBXBuildFile; fileRef = B27965B715B6E13D001F203E /* IASKSettingsStore.m */; };
		B27965D015B6E13D001F203E /* IASKSettingsStoreFile.m in Sources */ = {isa = PBXBuildFile; fileRef = B27965B915B6E13D001F203E /* IASKSettingsStoreFile.m */; };
		B27965D115B6E13D001F203E /* IASKSettingsStoreUserDefaults.m in Sources */ = {isa = PBXBuildFile; fileRef = B27965BB15B6E13D001F203E /* IASKSettingsStoreUserDefaults.m */; };
		B27965D215B6E13D001F203E /* IASKSpecifier.m in Sources */ = {isa = PBXBuildFile; fileRef = B27965BD15B6E13D001F203E /* IASKSpecifier.m */; };
		B27965D315B6E13D001F203E /* IASKPSSliderSpecifierViewCell.m in Sources */ = {isa = PBXBuildFile; fileRef = B27965C015B6E13D001F203E /* IASKPSSliderSpecifierViewCell.m */; };
		B27965D415B6E13D001F203E /* IASKPSTextFieldSpecifierViewCell.m in Sources */ = {isa = PBXBuildFile; fileRef = B27965C215B6E13D001F203E /* IASKPSTextFieldSpecifierViewCell.m */; };
		B27965D515B6E13D001F203E /* IASKPSTitleValueSpecifierViewCell.m in Sources */ = {isa = PBXBuildFile; fileRef = B27965C415B6E13D001F203E /* IASKPSTitleValueSpecifierViewCell.m */; };
		B27965D615B6E13D001F203E /* IASKSlider.m in Sources */ = {isa = PBXBuildFile; fileRef = B27965C615B6E13D001F203E /* IASKSlider.m */; };
		B27965D715B6E13D001F203E /* IASKSwitch.m in Sources */ = {isa = PBXBuildFile; fileRef = B27965C815B6E13D001F203E /* IASKSwitch.m */; };
		B27965D815B6E13D001F203E /* IASKTextField.m in Sources */ = {isa = PBXBuildFile; fileRef = B27965CA15B6E13D001F203E /* IASKTextField.m */; };
		B27965DA15B6E6AF001F203E /* MessageUI.framework in Frameworks */ = {isa = PBXBuildFile; fileRef = B27965D915B6E6AF001F203E /* MessageUI.framework */; };
		B288CFEE15D007200090F935 /* settings_bouton90.png in Resources */ = {isa = PBXBuildFile; fileRef = B288CFEC15D007200090F935 /* settings_bouton90.png */; };
		B288CFEF15D007200090F935 /* settings2_bouton90.png in Resources */ = {isa = PBXBuildFile; fileRef = B288CFED15D007200090F935 /* settings2_bouton90.png */; };
		B288CFF915D030F90090F935 /* hue_bouton905.png in Resources */ = {isa = PBXBuildFile; fileRef = B288CFF815D030F90090F935 /* hue_bouton905.png */; };
		B288CFFB15D26F7E0090F935 /* plus_bouton90.png in Resources */ = {isa = PBXBuildFile; fileRef = B288CFFA15D26F7E0090F935 /* plus_bouton90.png */; };
		B2969F4215B319F800229E73 /* SmallButton.m in Sources */ = {isa = PBXBuildFile; fileRef = B2969F4115B319F800229E73 /* SmallButton.m */; };
		B2997028156BCE8B00BED0D9 /* ColourUnitView.m in Sources */ = {isa = PBXBuildFile; fileRef = B2997027156BCE8B00BED0D9 /* ColourUnitView.m */; };
		B2A2E86415643354005147FA /* ColorMatrixView.m in Sources */ = {isa = PBXBuildFile; fileRef = B2A2E85415643354005147FA /* ColorMatrixView.m */; };
		B2A2E86615643354005147FA /* ColorPickerView.m in Sources */ = {isa = PBXBuildFile; fileRef = B2A2E85815643354005147FA /* ColorPickerView.m */; };
		B2A2E86715643354005147FA /* ColorPickerViewController.m in Sources */ = {isa = PBXBuildFile; fileRef = B2A2E85A15643354005147FA /* ColorPickerViewController.m */; };
		B2A2E86815643354005147FA /* ColorSwatchView.m in Sources */ = {isa = PBXBuildFile; fileRef = B2A2E85C15643354005147FA /* ColorSwatchView.m */; };
		B2A2E86915643354005147FA /* GradientView.m in Sources */ = {isa = PBXBuildFile; fileRef = B2A2E85F15643354005147FA /* GradientView.m */; };
		B2A2E86A15643354005147FA /* UIColor-Expanded.m in Sources */ = {isa = PBXBuildFile; fileRef = B2A2E86115643354005147FA /* UIColor-Expanded.m */; };
		B2A2E86B15643354005147FA /* UIColor-HSVAdditions.m in Sources */ = {isa = PBXBuildFile; fileRef = B2A2E86315643354005147FA /* UIColor-HSVAdditions.m */; };
		B2D1F24315371FC300B32038 /* ColoursViewController.xib in Resources */ = {isa = PBXBuildFile; fileRef = B2D1F24115371FC300B32038 /* ColoursViewController.xib */; };
		B2E78A9215B41448000BC4AD /* DDXMLElementAdditions.m in Sources */ = {isa = PBXBuildFile; fileRef = B2E78A8515B41448000BC4AD /* DDXMLElementAdditions.m */; settings = {COMPILER_FLAGS = "-fobjc-arc"; }; };
		B2E78A9315B41448000BC4AD /* NSString+DDXML.m in Sources */ = {isa = PBXBuildFile; fileRef = B2E78A8815B41448000BC4AD /* NSString+DDXML.m */; settings = {COMPILER_FLAGS = "-fobjc-arc"; }; };
		B2E78A9415B41448000BC4AD /* DDXMLDocument.m in Sources */ = {isa = PBXBuildFile; fileRef = B2E78A8B15B41448000BC4AD /* DDXMLDocument.m */; settings = {COMPILER_FLAGS = "-fobjc-arc"; }; };
		B2E78A9515B41448000BC4AD /* DDXMLElement.m in Sources */ = {isa = PBXBuildFile; fileRef = B2E78A8D15B41448000BC4AD /* DDXMLElement.m */; settings = {COMPILER_FLAGS = "-fobjc-arc"; }; };
		B2E78A9615B41448000BC4AD /* DDXMLNode.m in Sources */ = {isa = PBXBuildFile; fileRef = B2E78A8F15B41448000BC4AD /* DDXMLNode.m */; settings = {COMPILER_FLAGS = "-fobjc-arc"; }; };
		B2E78A9915B41476000BC4AD /* XMLParser.m in Sources */ = {isa = PBXBuildFile; fileRef = B2E78A9815B41476000BC4AD /* XMLParser.m */; };
		B2E78A9F15B420E0000BC4AD /* Palette.m in Sources */ = {isa = PBXBuildFile; fileRef = B2E78A9E15B420E0000BC4AD /* Palette.m */; };
/* End PBXBuildFile section */

/* Begin PBXFileReference section */
		1D30AB110D05D00D00671497 /* Foundation.framework */ = {isa = PBXFileReference; lastKnownFileType = wrapper.framework; name = Foundation.framework; path = System/Library/Frameworks/Foundation.framework; sourceTree = SDKROOT; };
		1D3623240D0F684500981E51 /* coloursAppDelegate.h */ = {isa = PBXFileReference; fileEncoding = 4; lastKnownFileType = sourcecode.c.h; path = coloursAppDelegate.h; sourceTree = "<group>"; };
		1D3623250D0F684500981E51 /* coloursAppDelegate.m */ = {isa = PBXFileReference; fileEncoding = 4; lastKnownFileType = sourcecode.c.objc; path = coloursAppDelegate.m; sourceTree = "<group>"; };
		1D6058910D05DD3D006BFB54 /* colours.app */ = {isa = PBXFileReference; explicitFileType = wrapper.application; includeInIndex = 0; path = colours.app; sourceTree = BUILT_PRODUCTS_DIR; };
		1DF5F4DF0D08C38300B7A737 /* UIKit.framework */ = {isa = PBXFileReference; lastKnownFileType = wrapper.framework; name = UIKit.framework; path = System/Library/Frameworks/UIKit.framework; sourceTree = SDKROOT; };
		2892E40F0DC94CBA00A64D0F /* CoreGraphics.framework */ = {isa = PBXFileReference; lastKnownFileType = wrapper.framework; name = CoreGraphics.framework; path = System/Library/Frameworks/CoreGraphics.framework; sourceTree = SDKROOT; };
		28A0AAE50D9B0CCF005BE974 /* colours_Prefix.pch */ = {isa = PBXFileReference; fileEncoding = 4; lastKnownFileType = sourcecode.c.h; path = colours_Prefix.pch; sourceTree = "<group>"; };
		28AD735F0D9D9599002E5188 /* MainWindow.xib */ = {isa = PBXFileReference; lastKnownFileType = file.xib; path = MainWindow.xib; sourceTree = "<group>"; };
		28C286DF0D94DF7D0034E888 /* RootViewController.h */ = {isa = PBXFileReference; fileEncoding = 4; lastKnownFileType = sourcecode.c.h; path = RootViewController.h; sourceTree = "<group>"; };
		28C286E00D94DF7D0034E888 /* RootViewController.m */ = {isa = PBXFileReference; fileEncoding = 4; lastKnownFileType = sourcecode.c.objc; path = RootViewController.m; sourceTree = "<group>"; };
		28F335F01007B36200424DE2 /* RootViewController.xib */ = {isa = PBXFileReference; lastKnownFileType = file.xib; path = RootViewController.xib; sourceTree = "<group>"; };
		29B97316FDCFA39411CA2CEA /* main.m */ = {isa = PBXFileReference; fileEncoding = 4; lastKnownFileType = sourcecode.c.objc; path = main.m; sourceTree = "<group>"; };
		8D1107310486CEB800E47090 /* colours-Info.plist */ = {isa = PBXFileReference; fileEncoding = 4; lastKnownFileType = text.plist.xml; path = "colours-Info.plist"; plistStructureDefinitionIdentifier = "com.apple.xcode.plist.structure-definition.iphone.info-plist"; sourceTree = "<group>"; };
		B21AE66715668B23004039DF /* crosshair.png */ = {isa = PBXFileReference; lastKnownFileType = image.png; path = crosshair.png; sourceTree = "<group>"; };
		B21AE66915668B8C004039DF /* bar_select.png */ = {isa = PBXFileReference; lastKnownFileType = image.png; path = bar_select.png; sourceTree = "<group>"; };
		B240B0D01599DA2000CA9CF1 /* horizontal.png */ = {isa = PBXFileReference; lastKnownFileType = image.png; path = horizontal.png; sourceTree = "<group>"; };
		B240B0D11599DA2000CA9CF1 /* mosaic.png */ = {isa = PBXFileReference; lastKnownFileType = image.png; path = mosaic.png; sourceTree = "<group>"; };
		B240B0D21599DA2000CA9CF1 /* vertical.png */ = {isa = PBXFileReference; lastKnownFileType = image.png; path = vertical.png; sourceTree = "<group>"; };
		B24AE3641601E42B007EF0BC /* icon.png */ = {isa = PBXFileReference; lastKnownFileType = image.png; path = icon.png; sourceTree = "<group>"; };
		B24AE36616021454007EF0BC /* cadenasf.png */ = {isa = PBXFileReference; lastKnownFileType = image.png; path = cadenasf.png; sourceTree = "<group>"; };
		B24AE36716021454007EF0BC /* cadenaso.png */ = {isa = PBXFileReference; lastKnownFileType = image.png; path = cadenaso.png; sourceTree = "<group>"; };
		B24AE36A160223DB007EF0BC /* vertical30.png */ = {isa = PBXFileReference; lastKnownFileType = image.png; path = vertical30.png; sourceTree = "<group>"; };
		B24AE36B160223DB007EF0BC /* mosaic30.png */ = {isa = PBXFileReference; lastKnownFileType = image.png; path = mosaic30.png; sourceTree = "<group>"; };
		B24AE36C160223DB007EF0BC /* horizontal30.png */ = {isa = PBXFileReference; lastKnownFileType = image.png; path = horizontal30.png; sourceTree = "<group>"; };
		B24AE37016022684007EF0BC /* Default.png */ = {isa = PBXFileReference; lastKnownFileType = image.png; path = Default.png; sourceTree = "<group>"; };
		B254A8B415B43E6300DF08D3 /* PaletteView.h */ = {isa = PBXFileReference; fileEncoding = 4; lastKnownFileType = sourcecode.c.h; path = PaletteView.h; sourceTree = "<group>"; };
		B254A8B515B43E6300DF08D3 /* PaletteView.m */ = {isa = PBXFileReference; fileEncoding = 4; lastKnownFileType = sourcecode.c.objc; path = PaletteView.m; sourceTree = "<group>"; };
		B254A8B715B57E6200DF08D3 /* SavedViewController.h */ = {isa = PBXFileReference; fileEncoding = 4; lastKnownFileType = sourcecode.c.h; path = SavedViewController.h; sourceTree = "<group>"; };
		B254A8B815B57E6200DF08D3 /* SavedViewController.m */ = {isa = PBXFileReference; fileEncoding = 4; lastKnownFileType = sourcecode.c.objc; path = SavedViewController.m; sourceTree = "<group>"; };
		B254A8BD15B6C6EE00DF08D3 /* Settings.bundle */ = {isa = PBXFileReference; lastKnownFileType = "wrapper.plug-in"; path = Settings.bundle; sourceTree = SOURCE_ROOT; };
		B26218491547E4C80078D4C5 /* WallpaperViewController.h */ = {isa = PBXFileReference; fileEncoding = 4; lastKnownFileType = sourcecode.c.h; path = WallpaperViewController.h; sourceTree = "<group>"; };
		B262184A1547E4C80078D4C5 /* WallpaperViewController.m */ = {isa = PBXFileReference; fileEncoding = 4; lastKnownFileType = sourcecode.c.objc; path = WallpaperViewController.m; sourceTree = "<group>"; };
		B262184B1547E4C80078D4C5 /* WallpaperViewController.xib */ = {isa = PBXFileReference; lastKnownFileType = file.xib; name = WallpaperViewController.xib; path = Classes/WallpaperViewController.xib; sourceTree = "<group>"; };
		B26218651547E8330078D4C5 /* Utils.h */ = {isa = PBXFileReference; fileEncoding = 4; lastKnownFileType = sourcecode.c.h; path = Utils.h; sourceTree = "<group>"; };
		B26218661547E8330078D4C5 /* Utils.m */ = {isa = PBXFileReference; fileEncoding = 4; lastKnownFileType = sourcecode.c.objc; path = Utils.m; sourceTree = "<group>"; };
		B26C9E5515641A5000FFC28B /* colormap.png */ = {isa = PBXFileReference; lastKnownFileType = image.png; path = colormap.png; sourceTree = "<group>"; };
		B26C9E5715641A5000FFC28B /* Defaultold.png */ = {isa = PBXFileReference; lastKnownFileType = image.png; path = Defaultold.png; sourceTree = "<group>"; };
		B26C9E5815641A5000FFC28B /* Iconold.png */ = {isa = PBXFileReference; lastKnownFileType = image.png; path = Iconold.png; sourceTree = "<group>"; };
		B26C9E651564257B00FFC28B /* ColorPickerViewController.xib */ = {isa = PBXFileReference; fileEncoding = 4; lastKnownFileType = file.xib; path = ColorPickerViewController.xib; sourceTree = "<group>"; };
		B26FDACD15B4327800079C17 /* palettes.xml */ = {isa = PBXFileReference; fileEncoding = 4; lastKnownFileType = text.xml; path = palettes.xml; sourceTree = "<group>"; };
		B27965AC15B6E13D001F203E /* IASKAppSettingsViewController.h */ = {isa = PBXFileReference; fileEncoding = 4; lastKnownFileType = sourcecode.c.h; path = IASKAppSettingsViewController.h; sourceTree = "<group>"; };
		B27965AD15B6E13D001F203E /* IASKAppSettingsViewController.m */ = {isa = PBXFileReference; fileEncoding = 4; lastKnownFileType = sourcecode.c.objc; path = IASKAppSettingsViewController.m; sourceTree = "<group>"; };
		B27965AE15B6E13D001F203E /* IASKAppSettingsWebViewController.h */ = {isa = PBXFileReference; fileEncoding = 4; lastKnownFileType = sourcecode.c.h; path = IASKAppSettingsWebViewController.h; sourceTree = "<group>"; };
		B27965AF15B6E13D001F203E /* IASKAppSettingsWebViewController.m */ = {isa = PBXFileReference; fileEncoding = 4; lastKnownFileType = sourcecode.c.objc; path = IASKAppSettingsWebViewController.m; sourceTree = "<group>"; };
		B27965B015B6E13D001F203E /* IASKSpecifierValuesViewController.h */ = {isa = PBXFileReference; fileEncoding = 4; lastKnownFileType = sourcecode.c.h; path = IASKSpecifierValuesViewController.h; sourceTree = "<group>"; };
		B27965B115B6E13D001F203E /* IASKSpecifierValuesViewController.m */ = {isa = PBXFileReference; fileEncoding = 4; lastKnownFileType = sourcecode.c.objc; path = IASKSpecifierValuesViewController.m; sourceTree = "<group>"; };
		B27965B215B6E13D001F203E /* IASKViewController.h */ = {isa = PBXFileReference; fileEncoding = 4; lastKnownFileType = sourcecode.c.h; path = IASKViewController.h; sourceTree = "<group>"; };
		B27965B415B6E13D001F203E /* IASKSettingsReader.h */ = {isa = PBXFileReference; fileEncoding = 4; lastKnownFileType = sourcecode.c.h; path = IASKSettingsReader.h; sourceTree = "<group>"; };
		B27965B515B6E13D001F203E /* IASKSettingsReader.m */ = {isa = PBXFileReference; fileEncoding = 4; lastKnownFileType = sourcecode.c.objc; path = IASKSettingsReader.m; sourceTree = "<group>"; };
		B27965B615B6E13D001F203E /* IASKSettingsStore.h */ = {isa = PBXFileReference; fileEncoding = 4; lastKnownFileType = sourcecode.c.h; path = IASKSettingsStore.h; sourceTree = "<group>"; };
		B27965B715B6E13D001F203E /* IASKSettingsStore.m */ = {isa = PBXFileReference; fileEncoding = 4; lastKnownFileType = sourcecode.c.objc; path = IASKSettingsStore.m; sourceTree = "<group>"; };
		B27965B815B6E13D001F203E /* IASKSettingsStoreFile.h */ = {isa = PBXFileReference; fileEncoding = 4; lastKnownFileType = sourcecode.c.h; path = IASKSettingsStoreFile.h; sourceTree = "<group>"; };
		B27965B915B6E13D001F203E /* IASKSettingsStoreFile.m */ = {isa = PBXFileReference; fileEncoding = 4; lastKnownFileType = sourcecode.c.objc; path = IASKSettingsStoreFile.m; sourceTree = "<group>"; };
		B27965BA15B6E13D001F203E /* IASKSettingsStoreUserDefaults.h */ = {isa = PBXFileReference; fileEncoding = 4; lastKnownFileType = sourcecode.c.h; path = IASKSettingsStoreUserDefaults.h; sourceTree = "<group>"; };
		B27965BB15B6E13D001F203E /* IASKSettingsStoreUserDefaults.m */ = {isa = PBXFileReference; fileEncoding = 4; lastKnownFileType = sourcecode.c.objc; path = IASKSettingsStoreUserDefaults.m; sourceTree = "<group>"; };
		B27965BC15B6E13D001F203E /* IASKSpecifier.h */ = {isa = PBXFileReference; fileEncoding = 4; lastKnownFileType = sourcecode.c.h; path = IASKSpecifier.h; sourceTree = "<group>"; };
		B27965BD15B6E13D001F203E /* IASKSpecifier.m */ = {isa = PBXFileReference; fileEncoding = 4; lastKnownFileType = sourcecode.c.objc; path = IASKSpecifier.m; sourceTree = "<group>"; };
		B27965BF15B6E13D001F203E /* IASKPSSliderSpecifierViewCell.h */ = {isa = PBXFileReference; fileEncoding = 4; lastKnownFileType = sourcecode.c.h; path = IASKPSSliderSpecifierViewCell.h; sourceTree = "<group>"; };
		B27965C015B6E13D001F203E /* IASKPSSliderSpecifierViewCell.m */ = {isa = PBXFileReference; fileEncoding = 4; lastKnownFileType = sourcecode.c.objc; path = IASKPSSliderSpecifierViewCell.m; sourceTree = "<group>"; };
		B27965C115B6E13D001F203E /* IASKPSTextFieldSpecifierViewCell.h */ = {isa = PBXFileReference; fileEncoding = 4; lastKnownFileType = sourcecode.c.h; path = IASKPSTextFieldSpecifierViewCell.h; sourceTree = "<group>"; };
		B27965C215B6E13D001F203E /* IASKPSTextFieldSpecifierViewCell.m */ = {isa = PBXFileReference; fileEncoding = 4; lastKnownFileType = sourcecode.c.objc; path = IASKPSTextFieldSpecifierViewCell.m; sourceTree = "<group>"; };
		B27965C315B6E13D001F203E /* IASKPSTitleValueSpecifierViewCell.h */ = {isa = PBXFileReference; fileEncoding = 4; lastKnownFileType = sourcecode.c.h; path = IASKPSTitleValueSpecifierViewCell.h; sourceTree = "<group>"; };
		B27965C415B6E13D001F203E /* IASKPSTitleValueSpecifierViewCell.m */ = {isa = PBXFileReference; fileEncoding = 4; lastKnownFileType = sourcecode.c.objc; path = IASKPSTitleValueSpecifierViewCell.m; sourceTree = "<group>"; };
		B27965C515B6E13D001F203E /* IASKSlider.h */ = {isa = PBXFileReference; fileEncoding = 4; lastKnownFileType = sourcecode.c.h; path = IASKSlider.h; sourceTree = "<group>"; };
		B27965C615B6E13D001F203E /* IASKSlider.m */ = {isa = PBXFileReference; fileEncoding = 4; lastKnownFileType = sourcecode.c.objc; path = IASKSlider.m; sourceTree = "<group>"; };
		B27965C715B6E13D001F203E /* IASKSwitch.h */ = {isa = PBXFileReference; fileEncoding = 4; lastKnownFileType = sourcecode.c.h; path = IASKSwitch.h; sourceTree = "<group>"; };
		B27965C815B6E13D001F203E /* IASKSwitch.m */ = {isa = PBXFileReference; fileEncoding = 4; lastKnownFileType = sourcecode.c.objc; path = IASKSwitch.m; sourceTree = "<group>"; };
		B27965C915B6E13D001F203E /* IASKTextField.h */ = {isa = PBXFileReference; fileEncoding = 4; lastKnownFileType = sourcecode.c.h; path = IASKTextField.h; sourceTree = "<group>"; };
		B27965CA15B6E13D001F203E /* IASKTextField.m */ = {isa = PBXFileReference; fileEncoding = 4; lastKnownFileType = sourcecode.c.objc; path = IASKTextField.m; sourceTree = "<group>"; };
		B27965D915B6E6AF001F203E /* MessageUI.framework */ = {isa = PBXFileReference; lastKnownFileType = wrapper.framework; name = MessageUI.framework; path = System/Library/Frameworks/MessageUI.framework; sourceTree = SDKROOT; };
		B288CFEC15D007200090F935 /* settings_bouton90.png */ = {isa = PBXFileReference; lastKnownFileType = image.png; path = settings_bouton90.png; sourceTree = "<group>"; };
		B288CFED15D007200090F935 /* settings2_bouton90.png */ = {isa = PBXFileReference; lastKnownFileType = image.png; path = settings2_bouton90.png; sourceTree = "<group>"; };
		B288CFF815D030F90090F935 /* hue_bouton905.png */ = {isa = PBXFileReference; lastKnownFileType = image.png; path = hue_bouton905.png; sourceTree = "<group>"; };
		B288CFFA15D26F7E0090F935 /* plus_bouton90.png */ = {isa = PBXFileReference; lastKnownFileType = image.png; path = plus_bouton90.png; sourceTree = "<group>"; };
		B2969F4015B319F800229E73 /* SmallButton.h */ = {isa = PBXFileReference; fileEncoding = 4; lastKnownFileType = sourcecode.c.h; path = SmallButton.h; sourceTree = "<group>"; };
		B2969F4115B319F800229E73 /* SmallButton.m */ = {isa = PBXFileReference; fileEncoding = 4; lastKnownFileType = sourcecode.c.objc; path = SmallButton.m; sourceTree = "<group>"; };
		B2997026156BCE8B00BED0D9 /* ColourUnitView.h */ = {isa = PBXFileReference; fileEncoding = 4; lastKnownFileType = sourcecode.c.h; path = ColourUnitView.h; sourceTree = "<group>"; };
		B2997027156BCE8B00BED0D9 /* ColourUnitView.m */ = {isa = PBXFileReference; fileEncoding = 4; lastKnownFileType = sourcecode.c.objc; path = ColourUnitView.m; sourceTree = "<group>"; };
		B2A2E85315643354005147FA /* ColorMatrixView.h */ = {isa = PBXFileReference; fileEncoding = 4; lastKnownFileType = sourcecode.c.h; name = ColorMatrixView.h; path = /Users/Renard/Documents/workspace/colours/Classes/ColorMatrixView.h; sourceTree = "<absolute>"; };
		B2A2E85415643354005147FA /* ColorMatrixView.m */ = {isa = PBXFileReference; fileEncoding = 4; lastKnownFileType = sourcecode.c.objc; name = ColorMatrixView.m; path = Classes/ColorMatrixView.m; sourceTree = "<group>"; };
		B2A2E85715643354005147FA /* ColorPickerView.h */ = {isa = PBXFileReference; fileEncoding = 4; lastKnownFileType = sourcecode.c.h; name = ColorPickerView.h; path = Classes/ColorPickerView.h; sourceTree = "<group>"; };
		B2A2E85815643354005147FA /* ColorPickerView.m */ = {isa = PBXFileReference; fileEncoding = 4; lastKnownFileType = sourcecode.c.objc; name = ColorPickerView.m; path = Classes/ColorPickerView.m; sourceTree = "<group>"; };
		B2A2E85915643354005147FA /* ColorPickerViewController.h */ = {isa = PBXFileReference; fileEncoding = 4; lastKnownFileType = sourcecode.c.h; name = ColorPickerViewController.h; path = Classes/ColorPickerViewController.h; sourceTree = "<group>"; };
		B2A2E85A15643354005147FA /* ColorPickerViewController.m */ = {isa = PBXFileReference; fileEncoding = 4; lastKnownFileType = sourcecode.c.objc; name = ColorPickerViewController.m; path = Classes/ColorPickerViewController.m; sourceTree = "<group>"; };
		B2A2E85B15643354005147FA /* ColorSwatchView.h */ = {isa = PBXFileReference; fileEncoding = 4; lastKnownFileType = sourcecode.c.h; name = ColorSwatchView.h; path = Classes/ColorSwatchView.h; sourceTree = "<group>"; };
		B2A2E85C15643354005147FA /* ColorSwatchView.m */ = {isa = PBXFileReference; fileEncoding = 4; lastKnownFileType = sourcecode.c.objc; name = ColorSwatchView.m; path = Classes/ColorSwatchView.m; sourceTree = "<group>"; };
		B2A2E85D15643354005147FA /* Constants.h */ = {isa = PBXFileReference; fileEncoding = 4; lastKnownFileType = sourcecode.c.h; name = Constants.h; path = Classes/Constants.h; sourceTree = "<group>"; };
		B2A2E85E15643354005147FA /* GradientView.h */ = {isa = PBXFileReference; fileEncoding = 4; lastKnownFileType = sourcecode.c.h; name = GradientView.h; path = Classes/GradientView.h; sourceTree = "<group>"; };
		B2A2E85F15643354005147FA /* GradientView.m */ = {isa = PBXFileReference; fileEncoding = 4; lastKnownFileType = sourcecode.c.objc; name = GradientView.m; path = Classes/GradientView.m; sourceTree = "<group>"; };
		B2A2E86015643354005147FA /* UIColor-Expanded.h */ = {isa = PBXFileReference; fileEncoding = 4; lastKnownFileType = sourcecode.c.h; name = "UIColor-Expanded.h"; path = "Classes/UIColor-Expanded.h"; sourceTree = "<group>"; };
		B2A2E86115643354005147FA /* UIColor-Expanded.m */ = {isa = PBXFileReference; fileEncoding = 4; lastKnownFileType = sourcecode.c.objc; name = "UIColor-Expanded.m"; path = "Classes/UIColor-Expanded.m"; sourceTree = "<group>"; };
		B2A2E86215643354005147FA /* UIColor-HSVAdditions.h */ = {isa = PBXFileReference; fileEncoding = 4; lastKnownFileType = sourcecode.c.h; name = "UIColor-HSVAdditions.h"; path = "Classes/UIColor-HSVAdditions.h"; sourceTree = "<group>"; };
		B2A2E86315643354005147FA /* UIColor-HSVAdditions.m */ = {isa = PBXFileReference; fileEncoding = 4; lastKnownFileType = sourcecode.c.objc; name = "UIColor-HSVAdditions.m"; path = "Classes/UIColor-HSVAdditions.m"; sourceTree = "<group>"; };
		B2D1F24115371FC300B32038 /* ColoursViewController.xib */ = {isa = PBXFileReference; lastKnownFileType = file.xib; name = ColoursViewController.xib; path = Classes/ColoursViewController.xib; sourceTree = "<group>"; };
		B2E78A8415B41448000BC4AD /* DDXMLElementAdditions.h */ = {isa = PBXFileReference; fileEncoding = 4; lastKnownFileType = sourcecode.c.h; path = DDXMLElementAdditions.h; sourceTree = "<group>"; };
		B2E78A8515B41448000BC4AD /* DDXMLElementAdditions.m */ = {isa = PBXFileReference; fileEncoding = 4; lastKnownFileType = sourcecode.c.objc; path = DDXMLElementAdditions.m; sourceTree = "<group>"; };
		B2E78A8715B41448000BC4AD /* NSString+DDXML.h */ = {isa = PBXFileReference; fileEncoding = 4; lastKnownFileType = sourcecode.c.h; path = "NSString+DDXML.h"; sourceTree = "<group>"; };
		B2E78A8815B41448000BC4AD /* NSString+DDXML.m */ = {isa = PBXFileReference; fileEncoding = 4; lastKnownFileType = sourcecode.c.objc; path = "NSString+DDXML.m"; sourceTree = "<group>"; };
		B2E78A8915B41448000BC4AD /* DDXML.h */ = {isa = PBXFileReference; fileEncoding = 4; lastKnownFileType = sourcecode.c.h; path = DDXML.h; sourceTree = "<group>"; };
		B2E78A8A15B41448000BC4AD /* DDXMLDocument.h */ = {isa = PBXFileReference; fileEncoding = 4; lastKnownFileType = sourcecode.c.h; path = DDXMLDocument.h; sourceTree = "<group>"; };
		B2E78A8B15B41448000BC4AD /* DDXMLDocument.m */ = {isa = PBXFileReference; fileEncoding = 4; lastKnownFileType = sourcecode.c.objc; path = DDXMLDocument.m; sourceTree = "<group>"; };
		B2E78A8C15B41448000BC4AD /* DDXMLElement.h */ = {isa = PBXFileReference; fileEncoding = 4; lastKnownFileType = sourcecode.c.h; path = DDXMLElement.h; sourceTree = "<group>"; };
		B2E78A8D15B41448000BC4AD /* DDXMLElement.m */ = {isa = PBXFileReference; fileEncoding = 4; lastKnownFileType = sourcecode.c.objc; path = DDXMLElement.m; sourceTree = "<group>"; };
		B2E78A8E15B41448000BC4AD /* DDXMLNode.h */ = {isa = PBXFileReference; fileEncoding = 4; lastKnownFileType = sourcecode.c.h; path = DDXMLNode.h; sourceTree = "<group>"; };
		B2E78A8F15B41448000BC4AD /* DDXMLNode.m */ = {isa = PBXFileReference; fileEncoding = 4; lastKnownFileType = sourcecode.c.objc; path = DDXMLNode.m; sourceTree = "<group>"; };
		B2E78A9115B41448000BC4AD /* DDXMLPrivate.h */ = {isa = PBXFileReference; fileEncoding = 4; lastKnownFileType = sourcecode.c.h; path = DDXMLPrivate.h; sourceTree = "<group>"; };
		B2E78A9715B41476000BC4AD /* XMLParser.h */ = {isa = PBXFileReference; fileEncoding = 4; lastKnownFileType = sourcecode.c.h; path = XMLParser.h; sourceTree = "<group>"; };
		B2E78A9815B41476000BC4AD /* XMLParser.m */ = {isa = PBXFileReference; fileEncoding = 4; lastKnownFileType = sourcecode.c.objc; path = XMLParser.m; sourceTree = "<group>"; };
		B2E78A9D15B420E0000BC4AD /* Palette.h */ = {isa = PBXFileReference; fileEncoding = 4; lastKnownFileType = sourcecode.c.h; path = Palette.h; sourceTree = "<group>"; };
		B2E78A9E15B420E0000BC4AD /* Palette.m */ = {isa = PBXFileReference; fileEncoding = 4; lastKnownFileType = sourcecode.c.objc; path = Palette.m; sourceTree = "<group>"; };
/* End PBXFileReference section */

/* Begin PBXFrameworksBuildPhase section */
		1D60588F0D05DD3D006BFB54 /* Frameworks */ = {
			isa = PBXFrameworksBuildPhase;
			buildActionMask = 2147483647;
			files = (
				B27965DA15B6E6AF001F203E /* MessageUI.framework in Frameworks */,
				1D60589F0D05DD5A006BFB54 /* Foundation.framework in Frameworks */,
				1DF5F4E00D08C38300B7A737 /* UIKit.framework in Frameworks */,
				2892E4100DC94CBA00A64D0F /* CoreGraphics.framework in Frameworks */,
			);
			runOnlyForDeploymentPostprocessing = 0;
		};
/* End PBXFrameworksBuildPhase section */

/* Begin PBXGroup section */
		080E96DDFE201D6D7F000001 /* Classes */ = {
			isa = PBXGroup;
			children = (
				B27965AA15B6E13D001F203E /* InAppSettingsKit */,
				B26218491547E4C80078D4C5 /* WallpaperViewController.h */,
				B262184A1547E4C80078D4C5 /* WallpaperViewController.m */,
				B26218651547E8330078D4C5 /* Utils.h */,
				B26218661547E8330078D4C5 /* Utils.m */,
				B254A8B715B57E6200DF08D3 /* SavedViewController.h */,
				B254A8B815B57E6200DF08D3 /* SavedViewController.m */,
				B2997026156BCE8B00BED0D9 /* ColourUnitView.h */,
				B2997027156BCE8B00BED0D9 /* ColourUnitView.m */,
				28C286DF0D94DF7D0034E888 /* RootViewController.h */,
				28C286E00D94DF7D0034E888 /* RootViewController.m */,
				1D3623240D0F684500981E51 /* coloursAppDelegate.h */,
				1D3623250D0F684500981E51 /* coloursAppDelegate.m */,
				B26C9E39156419CD00FFC28B /* ColorPicker */,
				B2969F4015B319F800229E73 /* SmallButton.h */,
				B2969F4115B319F800229E73 /* SmallButton.m */,
				B2E78A9715B41476000BC4AD /* XMLParser.h */,
				B2E78A9815B41476000BC4AD /* XMLParser.m */,
				B2E78A9D15B420E0000BC4AD /* Palette.h */,
				B2E78A9E15B420E0000BC4AD /* Palette.m */,
				B254A8B415B43E6300DF08D3 /* PaletteView.h */,
				B254A8B515B43E6300DF08D3 /* PaletteView.m */,
				B254A8BD15B6C6EE00DF08D3 /* Settings.bundle */,
			);
			path = Classes;
			sourceTree = "<group>";
		};
		19C28FACFE9D520D11CA2CBB /* Products */ = {
			isa = PBXGroup;
			children = (
				1D6058910D05DD3D006BFB54 /* colours.app */,
			);
			name = Products;
			sourceTree = "<group>";
		};
		29B97314FDCFA39411CA2CEA /* CustomTemplate */ = {
			isa = PBXGroup;
			children = (
				B27965D915B6E6AF001F203E /* MessageUI.framework */,
				B26C9E651564257B00FFC28B /* ColorPickerViewController.xib */,
				B262184B1547E4C80078D4C5 /* WallpaperViewController.xib */,
				B2D1F24115371FC300B32038 /* ColoursViewController.xib */,
				080E96DDFE201D6D7F000001 /* Classes */,
				29B97315FDCFA39411CA2CEA /* Other Sources */,
				29B97317FDCFA39411CA2CEA /* Resources */,
				29B97323FDCFA39411CA2CEA /* Frameworks */,
				19C28FACFE9D520D11CA2CBB /* Products */,
			);
			name = CustomTemplate;
			sourceTree = "<group>";
		};
		29B97315FDCFA39411CA2CEA /* Other Sources */ = {
			isa = PBXGroup;
			children = (
				B2E78A8215B41448000BC4AD /* KissXML */,
				28A0AAE50D9B0CCF005BE974 /* colours_Prefix.pch */,
				29B97316FDCFA39411CA2CEA /* main.m */,
			);
			name = "Other Sources";
			sourceTree = "<group>";
		};
		29B97317FDCFA39411CA2CEA /* Resources */ = {
			isa = PBXGroup;
			children = (
				B26FDACD15B4327800079C17 /* palettes.xml */,
				B26C9E5315641A5000FFC28B /* UI Parts */,
				28F335F01007B36200424DE2 /* RootViewController.xib */,
				28AD735F0D9D9599002E5188 /* MainWindow.xib */,
				8D1107310486CEB800E47090 /* colours-Info.plist */,
			);
			name = Resources;
			sourceTree = "<group>";
		};
		29B97323FDCFA39411CA2CEA /* Frameworks */ = {
			isa = PBXGroup;
			children = (
				1DF5F4DF0D08C38300B7A737 /* UIKit.framework */,
				1D30AB110D05D00D00671497 /* Foundation.framework */,
				2892E40F0DC94CBA00A64D0F /* CoreGraphics.framework */,
			);
			name = Frameworks;
			sourceTree = "<group>";
		};
		B26C9E39156419CD00FFC28B /* ColorPicker */ = {
			isa = PBXGroup;
			children = (
				B2A2E85315643354005147FA /* ColorMatrixView.h */,
				B2A2E85415643354005147FA /* ColorMatrixView.m */,
				B2A2E85715643354005147FA /* ColorPickerView.h */,
				B2A2E85815643354005147FA /* ColorPickerView.m */,
				B2A2E85915643354005147FA /* ColorPickerViewController.h */,
				B2A2E85A15643354005147FA /* ColorPickerViewController.m */,
				B2A2E85B15643354005147FA /* ColorSwatchView.h */,
				B2A2E85C15643354005147FA /* ColorSwatchView.m */,
				B2A2E85D15643354005147FA /* Constants.h */,
				B2A2E85E15643354005147FA /* GradientView.h */,
				B2A2E85F15643354005147FA /* GradientView.m */,
				B2A2E86015643354005147FA /* UIColor-Expanded.h */,
				B2A2E86115643354005147FA /* UIColor-Expanded.m */,
				B2A2E86215643354005147FA /* UIColor-HSVAdditions.h */,
				B2A2E86315643354005147FA /* UIColor-HSVAdditions.m */,
			);
			name = ColorPicker;
			path = ..;
			sourceTree = "<group>";
		};
		B26C9E5315641A5000FFC28B /* UI Parts */ = {
			isa = PBXGroup;
			children = (
				B24AE36A160223DB007EF0BC /* vertical30.png */,
				B24AE36B160223DB007EF0BC /* mosaic30.png */,
				B24AE36C160223DB007EF0BC /* horizontal30.png */,
				B24AE36616021454007EF0BC /* cadenasf.png */,
				B24AE36716021454007EF0BC /* cadenaso.png */,
				B24AE3641601E42B007EF0BC /* icon.png */,
				B240B0D01599DA2000CA9CF1 /* horizontal.png */,
				B240B0D11599DA2000CA9CF1 /* mosaic.png */,
				B240B0D21599DA2000CA9CF1 /* vertical.png */,
				B288CFFA15D26F7E0090F935 /* plus_bouton90.png */,
				B288CFF815D030F90090F935 /* hue_bouton905.png */,
				B288CFEC15D007200090F935 /* settings_bouton90.png */,
				B288CFED15D007200090F935 /* settings2_bouton90.png */,
				B21AE66915668B8C004039DF /* bar_select.png */,
				B24AE37016022684007EF0BC /* Default.png */,
				B21AE66715668B23004039DF /* crosshair.png */,
				B26C9E5515641A5000FFC28B /* colormap.png */,
				B26C9E5715641A5000FFC28B /* Defaultold.png */,
				B26C9E5815641A5000FFC28B /* Iconold.png */,
			);
			path = "UI Parts";
			sourceTree = "<group>";
		};
		B27965AA15B6E13D001F203E /* InAppSettingsKit */ = {
			isa = PBXGroup;
			children = (
				B27965AB15B6E13D001F203E /* Controllers */,
				B27965B315B6E13D001F203E /* Models */,
				B27965BE15B6E13D001F203E /* Views */,
			);
			path = InAppSettingsKit;
			sourceTree = "<group>";
		};
		B27965AB15B6E13D001F203E /* Controllers */ = {
			isa = PBXGroup;
			children = (
				B27965AC15B6E13D001F203E /* IASKAppSettingsViewController.h */,
				B27965AD15B6E13D001F203E /* IASKAppSettingsViewController.m */,
				B27965AE15B6E13D001F203E /* IASKAppSettingsWebViewController.h */,
				B27965AF15B6E13D001F203E /* IASKAppSettingsWebViewController.m */,
				B27965B015B6E13D001F203E /* IASKSpecifierValuesViewController.h */,
				B27965B115B6E13D001F203E /* IASKSpecifierValuesViewController.m */,
				B27965B215B6E13D001F203E /* IASKViewController.h */,
			);
			path = Controllers;
			sourceTree = "<group>";
		};
		B27965B315B6E13D001F203E /* Models */ = {
			isa = PBXGroup;
			children = (
				B27965B415B6E13D001F203E /* IASKSettingsReader.h */,
				B27965B515B6E13D001F203E /* IASKSettingsReader.m */,
				B27965B615B6E13D001F203E /* IASKSettingsStore.h */,
				B27965B715B6E13D001F203E /* IASKSettingsStore.m */,
				B27965B815B6E13D001F203E /* IASKSettingsStoreFile.h */,
				B27965B915B6E13D001F203E /* IASKSettingsStoreFile.m */,
				B27965BA15B6E13D001F203E /* IASKSettingsStoreUserDefaults.h */,
				B27965BB15B6E13D001F203E /* IASKSettingsStoreUserDefaults.m */,
				B27965BC15B6E13D001F203E /* IASKSpecifier.h */,
				B27965BD15B6E13D001F203E /* IASKSpecifier.m */,
			);
			path = Models;
			sourceTree = "<group>";
		};
		B27965BE15B6E13D001F203E /* Views */ = {
			isa = PBXGroup;
			children = (
				B27965BF15B6E13D001F203E /* IASKPSSliderSpecifierViewCell.h */,
				B27965C015B6E13D001F203E /* IASKPSSliderSpecifierViewCell.m */,
				B27965C115B6E13D001F203E /* IASKPSTextFieldSpecifierViewCell.h */,
				B27965C215B6E13D001F203E /* IASKPSTextFieldSpecifierViewCell.m */,
				B27965C315B6E13D001F203E /* IASKPSTitleValueSpecifierViewCell.h */,
				B27965C415B6E13D001F203E /* IASKPSTitleValueSpecifierViewCell.m */,
				B27965C515B6E13D001F203E /* IASKSlider.h */,
				B27965C615B6E13D001F203E /* IASKSlider.m */,
				B27965C715B6E13D001F203E /* IASKSwitch.h */,
				B27965C815B6E13D001F203E /* IASKSwitch.m */,
				B27965C915B6E13D001F203E /* IASKTextField.h */,
				B27965CA15B6E13D001F203E /* IASKTextField.m */,
			);
			path = Views;
			sourceTree = "<group>";
		};
		B2E78A8215B41448000BC4AD /* KissXML */ = {
			isa = PBXGroup;
			children = (
				B2E78A8315B41448000BC4AD /* Additions */,
				B2E78A8615B41448000BC4AD /* Categories */,
				B2E78A8915B41448000BC4AD /* DDXML.h */,
				B2E78A8A15B41448000BC4AD /* DDXMLDocument.h */,
				B2E78A8B15B41448000BC4AD /* DDXMLDocument.m */,
				B2E78A8C15B41448000BC4AD /* DDXMLElement.h */,
				B2E78A8D15B41448000BC4AD /* DDXMLElement.m */,
				B2E78A8E15B41448000BC4AD /* DDXMLNode.h */,
				B2E78A8F15B41448000BC4AD /* DDXMLNode.m */,
				B2E78A9015B41448000BC4AD /* Private */,
			);
			name = KissXML;
			path = KissXML/KissXML;
			sourceTree = "<group>";
		};
		B2E78A8315B41448000BC4AD /* Additions */ = {
			isa = PBXGroup;
			children = (
				B2E78A8415B41448000BC4AD /* DDXMLElementAdditions.h */,
				B2E78A8515B41448000BC4AD /* DDXMLElementAdditions.m */,
			);
			path = Additions;
			sourceTree = "<group>";
		};
		B2E78A8615B41448000BC4AD /* Categories */ = {
			isa = PBXGroup;
			children = (
				B2E78A8715B41448000BC4AD /* NSString+DDXML.h */,
				B2E78A8815B41448000BC4AD /* NSString+DDXML.m */,
			);
			path = Categories;
			sourceTree = "<group>";
		};
		B2E78A9015B41448000BC4AD /* Private */ = {
			isa = PBXGroup;
			children = (
				B2E78A9115B41448000BC4AD /* DDXMLPrivate.h */,
			);
			path = Private;
			sourceTree = "<group>";
		};
/* End PBXGroup section */

/* Begin PBXNativeTarget section */
		1D6058900D05DD3D006BFB54 /* colours */ = {
			isa = PBXNativeTarget;
			buildConfigurationList = 1D6058960D05DD3E006BFB54 /* Build configuration list for PBXNativeTarget "colours" */;
			buildPhases = (
				1D60588D0D05DD3D006BFB54 /* Resources */,
				1D60588E0D05DD3D006BFB54 /* Sources */,
				1D60588F0D05DD3D006BFB54 /* Frameworks */,
			);
			buildRules = (
			);
			dependencies = (
			);
			name = colours;
			productName = colours;
			productReference = 1D6058910D05DD3D006BFB54 /* colours.app */;
			productType = "com.apple.product-type.application";
		};
/* End PBXNativeTarget section */

/* Begin PBXProject section */
		29B97313FDCFA39411CA2CEA /* Project object */ = {
			isa = PBXProject;
			attributes = {
				LastUpgradeCheck = 0430;
			};
			buildConfigurationList = C01FCF4E08A954540054247B /* Build configuration list for PBXProject "colours" */;
			compatibilityVersion = "Xcode 3.2";
			developmentRegion = English;
			hasScannedForEncodings = 1;
			knownRegions = (
				English,
				Japanese,
				French,
				German,
				en,
			);
			mainGroup = 29B97314FDCFA39411CA2CEA /* CustomTemplate */;
			projectDirPath = "";
			projectRoot = "";
			targets = (
				1D6058900D05DD3D006BFB54 /* colours */,
			);
		};
/* End PBXProject section */

/* Begin PBXResourcesBuildPhase section */
		1D60588D0D05DD3D006BFB54 /* Resources */ = {
			isa = PBXResourcesBuildPhase;
			buildActionMask = 2147483647;
			files = (
				28AD73600D9D9599002E5188 /* MainWindow.xib in Resources */,
				28F335F11007B36200424DE2 /* RootViewController.xib in Resources */,
				B2D1F24315371FC300B32038 /* ColoursViewController.xib in Resources */,
				B262184D1547E4C80078D4C5 /* WallpaperViewController.xib in Resources */,
				B26C9E5A15641A5000FFC28B /* colormap.png in Resources */,
				B26C9E5C15641A5000FFC28B /* Defaultold.png in Resources */,
				B26C9E5D15641A5000FFC28B /* Iconold.png in Resources */,
				B26C9E661564257C00FFC28B /* ColorPickerViewController.xib in Resources */,
				B21AE66815668B23004039DF /* crosshair.png in Resources */,
				B21AE66A15668B8C004039DF /* bar_select.png in Resources */,
				B240B0D31599DA2000CA9CF1 /* horizontal.png in Resources */,
				B240B0D41599DA2000CA9CF1 /* mosaic.png in Resources */,
				B240B0D51599DA2000CA9CF1 /* vertical.png in Resources */,
				B26FDACE15B4327800079C17 /* palettes.xml in Resources */,
				B254A8BE15B6C6EE00DF08D3 /* Settings.bundle in Resources */,
				B288CFEE15D007200090F935 /* settings_bouton90.png in Resources */,
				B288CFEF15D007200090F935 /* settings2_bouton90.png in Resources */,
				B288CFF915D030F90090F935 /* hue_bouton905.png in Resources */,
				B288CFFB15D26F7E0090F935 /* plus_bouton90.png in Resources */,
				B24AE3651601E42B007EF0BC /* icon.png in Resources */,
				B24AE36816021454007EF0BC /* cadenasf.png in Resources */,
				B24AE36916021454007EF0BC /* cadenaso.png in Resources */,
				B24AE36D160223DB007EF0BC /* vertical30.png in Resources */,
				B24AE36E160223DB007EF0BC /* mosaic30.png in Resources */,
				B24AE36F160223DB007EF0BC /* horizontal30.png in Resources */,
				B24AE37116022684007EF0BC /* Default.png in Resources */,
			);
			runOnlyForDeploymentPostprocessing = 0;
		};
/* End PBXResourcesBuildPhase section */

/* Begin PBXSourcesBuildPhase section */
		1D60588E0D05DD3D006BFB54 /* Sources */ = {
			isa = PBXSourcesBuildPhase;
			buildActionMask = 2147483647;
			files = (
				1D60589B0D05DD56006BFB54 /* main.m in Sources */,
				1D3623260D0F684500981E51 /* coloursAppDelegate.m in Sources */,
				28C286E10D94DF7D0034E888 /* RootViewController.m in Sources */,
				B262184C1547E4C80078D4C5 /* WallpaperViewController.m in Sources */,
				B26218671547E8330078D4C5 /* Utils.m in Sources */,
				B2A2E86415643354005147FA /* ColorMatrixView.m in Sources */,
				B2A2E86615643354005147FA /* ColorPickerView.m in Sources */,
				B2A2E86715643354005147FA /* ColorPickerViewController.m in Sources */,
				B2A2E86815643354005147FA /* ColorSwatchView.m in Sources */,
				B2A2E86915643354005147FA /* GradientView.m in Sources */,
				B2A2E86A15643354005147FA /* UIColor-Expanded.m in Sources */,
				B2A2E86B15643354005147FA /* UIColor-HSVAdditions.m in Sources */,
				B2997028156BCE8B00BED0D9 /* ColourUnitView.m in Sources */,
				B2969F4215B319F800229E73 /* SmallButton.m in Sources */,
				B2E78A9215B41448000BC4AD /* DDXMLElementAdditions.m in Sources */,
				B2E78A9315B41448000BC4AD /* NSString+DDXML.m in Sources */,
				B2E78A9415B41448000BC4AD /* DDXMLDocument.m in Sources */,
				B2E78A9515B41448000BC4AD /* DDXMLElement.m in Sources */,
				B2E78A9615B41448000BC4AD /* DDXMLNode.m in Sources */,
				B2E78A9915B41476000BC4AD /* XMLParser.m in Sources */,
				B2E78A9F15B420E0000BC4AD /* Palette.m in Sources */,
				B254A8B615B43E6300DF08D3 /* PaletteView.m in Sources */,
				B254A8B915B57E6200DF08D3 /* SavedViewController.m in Sources */,
				B27965CB15B6E13D001F203E /* IASKAppSettingsViewController.m in Sources */,
				B27965CC15B6E13D001F203E /* IASKAppSettingsWebViewController.m in Sources */,
				B27965CD15B6E13D001F203E /* IASKSpecifierValuesViewController.m in Sources */,
				B27965CE15B6E13D001F203E /* IASKSettingsReader.m in Sources */,
				B27965CF15B6E13D001F203E /* IASKSettingsStore.m in Sources */,
				B27965D015B6E13D001F203E /* IASKSettingsStoreFile.m in Sources */,
				B27965D115B6E13D001F203E /* IASKSettingsStoreUserDefaults.m in Sources */,
				B27965D215B6E13D001F203E /* IASKSpecifier.m in Sources */,
				B27965D315B6E13D001F203E /* IASKPSSliderSpecifierViewCell.m in Sources */,
				B27965D415B6E13D001F203E /* IASKPSTextFieldSpecifierViewCell.m in Sources */,
				B27965D515B6E13D001F203E /* IASKPSTitleValueSpecifierViewCell.m in Sources */,
				B27965D615B6E13D001F203E /* IASKSlider.m in Sources */,
				B27965D715B6E13D001F203E /* IASKSwitch.m in Sources */,
				B27965D815B6E13D001F203E /* IASKTextField.m in Sources */,
			);
			runOnlyForDeploymentPostprocessing = 0;
		};
/* End PBXSourcesBuildPhase section */

/* Begin XCBuildConfiguration section */
		1D6058940D05DD3E006BFB54 /* Debug */ = {
			isa = XCBuildConfiguration;
			buildSettings = {
				ALWAYS_SEARCH_USER_PATHS = NO;
				ARCHS = (
					"$(ARCHS_STANDARD_32_BIT)",
					armv6,
				);
				COPY_PHASE_STRIP = NO;
				GCC_DYNAMIC_NO_PIC = NO;
				GCC_OPTIMIZATION_LEVEL = 0;
				GCC_PRECOMPILE_PREFIX_HEADER = YES;
				GCC_PREFIX_HEADER = colours_Prefix.pch;
				GCC_THUMB_SUPPORT = NO;
				INFOPLIST_FILE = "colours-Info.plist";
				IPHONEOS_DEPLOYMENT_TARGET = 4.2;
				PRODUCT_NAME = colours;
			};
			name = Debug;
		};
		1D6058950D05DD3E006BFB54 /* Release */ = {
			isa = XCBuildConfiguration;
			buildSettings = {
				ALWAYS_SEARCH_USER_PATHS = NO;
				ARCHS = (
					"$(ARCHS_STANDARD_32_BIT)",
					armv6,
				);
				COPY_PHASE_STRIP = YES;
				GCC_PRECOMPILE_PREFIX_HEADER = YES;
				GCC_PREFIX_HEADER = colours_Prefix.pch;
				GCC_THUMB_SUPPORT = NO;
				INFOPLIST_FILE = "colours-Info.plist";
				IPHONEOS_DEPLOYMENT_TARGET = 4.2;
				PRODUCT_NAME = colours;
				VALIDATE_PRODUCT = YES;
			};
			name = Release;
		};
		C01FCF4F08A954540054247B /* Debug */ = {
			isa = XCBuildConfiguration;
			buildSettings = {
				ARCHS = "$(ARCHS_STANDARD_32_BIT)";
				"CODE_SIGN_IDENTITY[sdk=iphoneos*]" = "iPhone Developer";
				GCC_C_LANGUAGE_STANDARD = c99;
				GCC_WARN_ABOUT_RETURN_TYPE = YES;
				GCC_WARN_UNUSED_VARIABLE = YES;
				HEADER_SEARCH_PATHS = /usr/include/libxml2;
				OTHER_LDFLAGS = (
					"-lxml2",
					"-fobjc-arc",
				);
				SDKROOT = iphoneos;
			};
			name = Debug;
		};
		C01FCF5008A954540054247B /* Release */ = {
			isa = XCBuildConfiguration;
			buildSettings = {
				ARCHS = "$(ARCHS_STANDARD_32_BIT)";
				"CODE_SIGN_IDENTITY[sdk=iphoneos*]" = "iPhone Developer";
				GCC_C_LANGUAGE_STANDARD = c99;
				GCC_WARN_ABOUT_RETURN_TYPE = YES;
				GCC_WARN_UNUSED_VARIABLE = YES;
				HEADER_SEARCH_PATHS = /usr/include/libxml2;
				OTHER_CFLAGS = "-DNS_BLOCK_ASSERTIONS=1";
				OTHER_LDFLAGS = (
					"-lxml2",
					"-fobjc-arc",
				);
				SDKROOT = iphoneos;
			};
			name = Release;
		};
/* End XCBuildConfiguration section */

/* Begin XCConfigurationList section */
		1D6058960D05DD3E006BFB54 /* Build configuration list for PBXNativeTarget "colours" */ = {
			isa = XCConfigurationList;
			buildConfigurations = (
				1D6058940D05DD3E006BFB54 /* Debug */,
				1D6058950D05DD3E006BFB54 /* Release */,
			);
			defaultConfigurationIsVisible = 0;
			defaultConfigurationName = Release;
		};
		C01FCF4E08A954540054247B /* Build configuration list for PBXProject "colours" */ = {
			isa = XCConfigurationList;
			buildConfigurations = (
				C01FCF4F08A954540054247B /* Debug */,
				C01FCF5008A954540054247B /* Release */,
			);
			defaultConfigurationIsVisible = 0;
			defaultConfigurationName = Release;
		};
/* End XCConfigurationList section */
	};
	rootObject = 29B97313FDCFA39411CA2CEA /* Project object */;
}
